
Microsoft Visual Studio Solution File, Format Version 12.00
# Visual Studio Version 17
VisualStudioVersion = 17.8.34511.84
MinimumVisualStudioVersion = 10.0.40219.1
Project("{FAE04EC0-301F-11D3-BF4B-00C04F79EFBC}") = "Blazor8AutoWithFluxor", "Blazor8AutoWithFluxor\Blazor8AutoWithFluxor.csproj", "{586076D8-14EA-4551-A9C6-2965F6243CCA}"
EndProject
Project("{FAE04EC0-301F-11D3-BF4B-00C04F79EFBC}") = "Blazor8AutoWithFluxor.Client", "Blazor8AutoWithFluxor.Client\Blazor8AutoWithFluxor.Client.csproj", "{4421580C-1C82-4BE2-B785-4DA8918EEB86}"
EndProject
Project("{9A19103F-16F7-4668-BE54-9A1E7A4F7556}") = "Blazor8AutoShared", "Blazor8AutoShared\Blazor8AutoShared.csproj", "{C80C62AB-84A2-4C07-A58F-7DBC25E8D74D}"
EndProject
Global
	GlobalSection(SolutionConfigurationPlatforms) = preSolution
		Debug|Any CPU = Debug|Any CPU
		Release|Any CPU = Release|Any CPU
	EndGlobalSection
	GlobalSection(ProjectConfigurationPlatforms) = postSolution
		{586076D8-14EA-4551-A9C6-2965F6243CCA}.Debug|Any CPU.ActiveCfg = Debug|Any CPU
		{586076D8-14EA-4551-A9C6-2965F6243CCA}.Debug|Any CPU.Build.0 = Debug|Any CPU
		{586076D8-14EA-4551-A9C6-2965F6243CCA}.Release|Any CPU.ActiveCfg = Release|Any CPU
		{586076D8-14EA-4551-A9C6-2965F6243CCA}.Release|Any CPU.Build.0 = Release|Any CPU
		{4421580C-1C82-4BE2-B785-4DA8918EEB86}.Debug|Any CPU.ActiveCfg = Debug|Any CPU
		{4421580C-1C82-4BE2-B785-4DA8918EEB86}.Debug|Any CPU.Build.0 = Debug|Any CPU
		{4421580C-1C82-4BE2-B785-4DA8918EEB86}.Release|Any CPU.ActiveCfg = Release|Any CPU
		{4421580C-1C82-4BE2-B785-4DA8918EEB86}.Release|Any CPU.Build.0 = Release|Any CPU
		{C80C62AB-84A2-4C07-A58F-7DBC25E8D74D}.Debug|Any CPU.ActiveCfg = Debug|Any CPU
		{C80C62AB-84A2-4C07-A58F-7DBC25E8D74D}.Debug|Any CPU.Build.0 = Debug|Any CPU
		{C80C62AB-84A2-4C07-A58F-7DBC25E8D74D}.Release|Any CPU.ActiveCfg = Release|Any CPU
		{C80C62AB-84A2-4C07-A58F-7DBC25E8D74D}.Release|Any CPU.Build.0 = Release|Any CPU
	EndGlobalSection
	GlobalSection(SolutionProperties) = preSolution
		HideSolutionNode = FALSE
	EndGlobalSection
	GlobalSection(ExtensibilityGlobals) = postSolution
		SolutionGuid = {D596B53D-A767-47FA-8592-42A1DCB9173F}
	EndGlobalSection
EndGlobal
